
Microsoft Visual Studio Solution File, Format Version 12.00
# Visual Studio 15
VisualStudioVersion = 15.0.28307.329
MinimumVisualStudioVersion = 10.0.40219.1
Project("{FAE04EC0-301F-11D3-BF4B-00C04F79EFBC}") = "TipaServer", "TipaServer\TipaServer.csproj", "{889427FA-5D46-4BBD-8678-FB83CAF607DF}"
EndProject
Global
	GlobalSection(SolutionConfigurationPlatforms) = preSolution
		Debug|Any CPU = Debug|Any CPU
		Release|Any CPU = Release|Any CPU
	EndGlobalSection
	GlobalSection(ProjectConfigurationPlatforms) = postSolution
		{889427FA-5D46-4BBD-8678-FB83CAF607DF}.Debug|Any CPU.ActiveCfg = Debug|Any CPU
		{889427FA-5D46-4BBD-8678-FB83CAF607DF}.Debug|Any CPU.Build.0 = Debug|Any CPU
		{889427FA-5D46-4BBD-8678-FB83CAF607DF}.Release|Any CPU.ActiveCfg = Release|Any CPU
		{889427FA-5D46-4BBD-8678-FB83CAF607DF}.Release|Any CPU.Build.0 = Release|Any CPU
	EndGlobalSection
	GlobalSection(SolutionProperties) = preSolution
		HideSolutionNode = FALSE
	EndGlobalSection
	GlobalSection(ExtensibilityGlobals) = postSolution
		SolutionGuid = {886B4975-B4B0-4364-A9B1-DFF45FBF71D9}
	EndGlobalSection
EndGlobal
